
Microsoft Visual Studio Solution File, Format Version 12.00
# Visual Studio Version 17
VisualStudioVersion = 17.3.32922.545
MinimumVisualStudioVersion = 10.0.40219.1
Project("{FAE04EC0-301F-11D3-BF4B-00C04F79EFBC}") = "ReflectionBatchDemo", "ReflectionBatchDemo\ReflectionBatchDemo.csproj", "{112944C9-5DF3-418C-A1F6-748CA5478ED7}"
EndProject
Global
	GlobalSection(SolutionConfigurationPlatforms) = preSolution
		Debug|Any CPU = Debug|Any CPU
		Release|Any CPU = Release|Any CPU
	EndGlobalSection
	GlobalSection(ProjectConfigurationPlatforms) = postSolution
		{112944C9-5DF3-418C-A1F6-748CA5478ED7}.Debug|Any CPU.ActiveCfg = Debug|Any CPU
		{112944C9-5DF3-418C-A1F6-748CA5478ED7}.Debug|Any CPU.Build.0 = Debug|Any CPU
		{112944C9-5DF3-418C-A1F6-748CA5478ED7}.Release|Any CPU.ActiveCfg = Release|Any CPU
		{112944C9-5DF3-418C-A1F6-748CA5478ED7}.Release|Any CPU.Build.0 = Release|Any CPU
	EndGlobalSection
	GlobalSection(SolutionProperties) = preSolution
		HideSolutionNode = FALSE
	EndGlobalSection
	GlobalSection(ExtensibilityGlobals) = postSolution
		SolutionGuid = {A28940C6-C7E6-4745-85EA-CB29FC09810A}
	EndGlobalSection
EndGlobal
